
Microsoft Visual Studio Solution File, Format Version 12.00
# Visual Studio Version 16
VisualStudioVersion = 16.0.33027.164
MinimumVisualStudioVersion = 10.0.40219.1
Project("{FAE04EC0-301F-11D3-BF4B-00C04F79EFBC}") = "AssignmentDay15", "AssignmentDay15.csproj", "{33F222B8-4E63-4704-B32F-CDD8E469F0B1}"
EndProject
Global
	GlobalSection(SolutionConfigurationPlatforms) = preSolution
		Debug|Any CPU = Debug|Any CPU
		Release|Any CPU = Release|Any CPU
	EndGlobalSection
	GlobalSection(ProjectConfigurationPlatforms) = postSolution
		{33F222B8-4E63-4704-B32F-CDD8E469F0B1}.Debug|Any CPU.ActiveCfg = Debug|Any CPU
		{33F222B8-4E63-4704-B32F-CDD8E469F0B1}.Debug|Any CPU.Build.0 = Debug|Any CPU
		{33F222B8-4E63-4704-B32F-CDD8E469F0B1}.Release|Any CPU.ActiveCfg = Release|Any CPU
		{33F222B8-4E63-4704-B32F-CDD8E469F0B1}.Release|Any CPU.Build.0 = Release|Any CPU
	EndGlobalSection
	GlobalSection(SolutionProperties) = preSolution
		HideSolutionNode = FALSE
	EndGlobalSection
	GlobalSection(ExtensibilityGlobals) = postSolution
		SolutionGuid = {49040CBA-ACED-4A8F-9F95-12E43F24BA93}
	EndGlobalSection
EndGlobal
